
Microsoft Visual Studio Solution File, Format Version 12.00
# Visual Studio Version 17
VisualStudioVersion = 17.7.34003.232
MinimumVisualStudioVersion = 10.0.40219.1
Project("{FAE04EC0-301F-11D3-BF4B-00C04F79EFBC}") = "Projeto-Integrador", "Projeto-Integrador\Projeto-Integrador.csproj", "{F22A7D5B-6833-4D8A-8D80-B7ABA6743425}"
EndProject
Global
	GlobalSection(SolutionConfigurationPlatforms) = preSolution
		Debug|Any CPU = Debug|Any CPU
		Release|Any CPU = Release|Any CPU
	EndGlobalSection
	GlobalSection(ProjectConfigurationPlatforms) = postSolution
		{F22A7D5B-6833-4D8A-8D80-B7ABA6743425}.Debug|Any CPU.ActiveCfg = Debug|Any CPU
		{F22A7D5B-6833-4D8A-8D80-B7ABA6743425}.Debug|Any CPU.Build.0 = Debug|Any CPU
		{F22A7D5B-6833-4D8A-8D80-B7ABA6743425}.Release|Any CPU.ActiveCfg = Release|Any CPU
		{F22A7D5B-6833-4D8A-8D80-B7ABA6743425}.Release|Any CPU.Build.0 = Release|Any CPU
	EndGlobalSection
	GlobalSection(SolutionProperties) = preSolution
		HideSolutionNode = FALSE
	EndGlobalSection
	GlobalSection(ExtensibilityGlobals) = postSolution
		SolutionGuid = {722D1798-E5B5-4EC6-8171-7259CAD9C282}
	EndGlobalSection
EndGlobal
